
Microsoft Visual Studio Solution File, Format Version 12.00
# Visual Studio Version 17
VisualStudioVersion = 17.3.32519.111
MinimumVisualStudioVersion = 10.0.40219.1
Project("{FAE04EC0-301F-11D3-BF4B-00C04F79EFBC}") = "WebBackendService", "WebBackendService\WebBackendService.csproj", "{AF5E2D02-E832-49E3-9298-E5C8FC807041}"
EndProject
Global
	GlobalSection(SolutionConfigurationPlatforms) = preSolution
		Debug|Any CPU = Debug|Any CPU
		Release|Any CPU = Release|Any CPU
	EndGlobalSection
	GlobalSection(ProjectConfigurationPlatforms) = postSolution
		{AF5E2D02-E832-49E3-9298-E5C8FC807041}.Debug|Any CPU.ActiveCfg = Debug|Any CPU
		{AF5E2D02-E832-49E3-9298-E5C8FC807041}.Debug|Any CPU.Build.0 = Debug|Any CPU
		{AF5E2D02-E832-49E3-9298-E5C8FC807041}.Release|Any CPU.ActiveCfg = Release|Any CPU
		{AF5E2D02-E832-49E3-9298-E5C8FC807041}.Release|Any CPU.Build.0 = Release|Any CPU
	EndGlobalSection
	GlobalSection(SolutionProperties) = preSolution
		HideSolutionNode = FALSE
	EndGlobalSection
	GlobalSection(ExtensibilityGlobals) = postSolution
		SolutionGuid = {06AA67AF-2548-4EF7-B2A9-E0E64F09824A}
	EndGlobalSection
EndGlobal
